
Microsoft Visual Studio Solution File, Format Version 12.00
# Visual Studio 15
VisualStudioVersion = 15.0.27428.2015
MinimumVisualStudioVersion = 10.0.40219.1
Project("{F2A71F9B-5D33-465A-A702-920D77279786}") = "NormalBetaReductionInterpreter", "NormalBetaReductionInterpreter\NormalBetaReductionInterpreter.fsproj", "{D908B819-22A9-4B69-93CC-424D024F32C7}"
EndProject
Project("{F2A71F9B-5D33-465A-A702-920D77279786}") = "Tests", "Tests\Tests.fsproj", "{9774970D-BB9D-4CF6-A035-A28117FE4A5F}"
	ProjectSection(ProjectDependencies) = postProject
		{D908B819-22A9-4B69-93CC-424D024F32C7} = {D908B819-22A9-4B69-93CC-424D024F32C7}
	EndProjectSection
EndProject
Global
	GlobalSection(SolutionConfigurationPlatforms) = preSolution
		Debug|Any CPU = Debug|Any CPU
		Release|Any CPU = Release|Any CPU
	EndGlobalSection
	GlobalSection(ProjectConfigurationPlatforms) = postSolution
		{D908B819-22A9-4B69-93CC-424D024F32C7}.Debug|Any CPU.ActiveCfg = Debug|Any CPU
		{D908B819-22A9-4B69-93CC-424D024F32C7}.Debug|Any CPU.Build.0 = Debug|Any CPU
		{D908B819-22A9-4B69-93CC-424D024F32C7}.Release|Any CPU.ActiveCfg = Release|Any CPU
		{D908B819-22A9-4B69-93CC-424D024F32C7}.Release|Any CPU.Build.0 = Release|Any CPU
		{9774970D-BB9D-4CF6-A035-A28117FE4A5F}.Debug|Any CPU.ActiveCfg = Debug|Any CPU
		{9774970D-BB9D-4CF6-A035-A28117FE4A5F}.Debug|Any CPU.Build.0 = Debug|Any CPU
		{9774970D-BB9D-4CF6-A035-A28117FE4A5F}.Release|Any CPU.ActiveCfg = Release|Any CPU
		{9774970D-BB9D-4CF6-A035-A28117FE4A5F}.Release|Any CPU.Build.0 = Release|Any CPU
	EndGlobalSection
	GlobalSection(SolutionProperties) = preSolution
		HideSolutionNode = FALSE
	EndGlobalSection
	GlobalSection(ExtensibilityGlobals) = postSolution
		SolutionGuid = {9A9A2EC4-7D37-4EE2-862F-947732234453}
	EndGlobalSection
EndGlobal
