
Microsoft Visual Studio Solution File, Format Version 12.00
# Visual Studio 15
VisualStudioVersion = 15.0.27428.2015
MinimumVisualStudioVersion = 10.0.40219.1
Project("{6EC3EE1D-3C4E-46DD-8F32-0CC8E7565705}") = "FSharp OOP", "FSharp OOP\FSharp OOP.fsproj", "{5CC22234-D75B-4A61-9F83-BC4B4A643213}"
EndProject
Project("{F2A71F9B-5D33-465A-A702-920D77279786}") = "Tests", "Tests\Tests.fsproj", "{F90C3832-06FE-4016-99E0-AC872C4D341D}"
	ProjectSection(ProjectDependencies) = postProject
		{5CC22234-D75B-4A61-9F83-BC4B4A643213} = {5CC22234-D75B-4A61-9F83-BC4B4A643213}
	EndProjectSection
EndProject
Global
	GlobalSection(SolutionConfigurationPlatforms) = preSolution
		Debug|Any CPU = Debug|Any CPU
		Release|Any CPU = Release|Any CPU
	EndGlobalSection
	GlobalSection(ProjectConfigurationPlatforms) = postSolution
		{5CC22234-D75B-4A61-9F83-BC4B4A643213}.Debug|Any CPU.ActiveCfg = Debug|Any CPU
		{5CC22234-D75B-4A61-9F83-BC4B4A643213}.Debug|Any CPU.Build.0 = Debug|Any CPU
		{5CC22234-D75B-4A61-9F83-BC4B4A643213}.Release|Any CPU.ActiveCfg = Release|Any CPU
		{5CC22234-D75B-4A61-9F83-BC4B4A643213}.Release|Any CPU.Build.0 = Release|Any CPU
		{F90C3832-06FE-4016-99E0-AC872C4D341D}.Debug|Any CPU.ActiveCfg = Debug|Any CPU
		{F90C3832-06FE-4016-99E0-AC872C4D341D}.Debug|Any CPU.Build.0 = Debug|Any CPU
		{F90C3832-06FE-4016-99E0-AC872C4D341D}.Release|Any CPU.ActiveCfg = Release|Any CPU
		{F90C3832-06FE-4016-99E0-AC872C4D341D}.Release|Any CPU.Build.0 = Release|Any CPU
	EndGlobalSection
	GlobalSection(SolutionProperties) = preSolution
		HideSolutionNode = FALSE
	EndGlobalSection
	GlobalSection(ExtensibilityGlobals) = postSolution
		SolutionGuid = {EB217EAB-188E-4367-8183-EDE948D9DF4C}
	EndGlobalSection
EndGlobal
